
Microsoft Visual Studio Solution File, Format Version 12.00
# Visual Studio 15
Project("{FAE04EC0-301F-11D3-BF4B-00C04F79EFBC}") = "Assembly-CSharp-Editor", "Assembly-CSharp-Editor.csproj", "{E8A91009-7186-A382-4FE4-3C21BA335F00}"
EndProject
Project("{FAE04EC0-301F-11D3-BF4B-00C04F79EFBC}") = "Assembly-CSharp", "Assembly-CSharp.csproj", "{32C3BDE6-E125-3128-82C1-25D0441455A3}"
EndProject
Project("{FAE04EC0-301F-11D3-BF4B-00C04F79EFBC}") = "ALP8310_ControllerGlobal.Editor", "ALP8310_ControllerGlobal.Editor.csproj", "{45835400-B6B4-A9D7-1AE9-01EEFD0FCECD}"
EndProject
Project("{FAE04EC0-301F-11D3-BF4B-00C04F79EFBC}") = "ALP8310_ControllerGlobal", "ALP8310_ControllerGlobal.csproj", "{2B3E1436-8D76-8DA1-C263-F412B25BABDF}"
EndProject
Global
	GlobalSection(SolutionConfigurationPlatforms) = preSolution
		Debug|Any CPU = Debug|Any CPU
		Release|Any CPU = Release|Any CPU
	EndGlobalSection
	GlobalSection(ProjectConfigurationPlatforms) = postSolution
		{E8A91009-7186-A382-4FE4-3C21BA335F00}.Debug|Any CPU.ActiveCfg = Debug|Any CPU
		{E8A91009-7186-A382-4FE4-3C21BA335F00}.Debug|Any CPU.Build.0 = Debug|Any CPU
		{E8A91009-7186-A382-4FE4-3C21BA335F00}.Release|Any CPU.ActiveCfg = Release|Any CPU
		{E8A91009-7186-A382-4FE4-3C21BA335F00}.Release|Any CPU.Build.0 = Release|Any CPU
		{32C3BDE6-E125-3128-82C1-25D0441455A3}.Debug|Any CPU.ActiveCfg = Debug|Any CPU
		{32C3BDE6-E125-3128-82C1-25D0441455A3}.Debug|Any CPU.Build.0 = Debug|Any CPU
		{32C3BDE6-E125-3128-82C1-25D0441455A3}.Release|Any CPU.ActiveCfg = Release|Any CPU
		{32C3BDE6-E125-3128-82C1-25D0441455A3}.Release|Any CPU.Build.0 = Release|Any CPU
		{45835400-B6B4-A9D7-1AE9-01EEFD0FCECD}.Debug|Any CPU.ActiveCfg = Debug|Any CPU
		{45835400-B6B4-A9D7-1AE9-01EEFD0FCECD}.Debug|Any CPU.Build.0 = Debug|Any CPU
		{45835400-B6B4-A9D7-1AE9-01EEFD0FCECD}.Release|Any CPU.ActiveCfg = Release|Any CPU
		{45835400-B6B4-A9D7-1AE9-01EEFD0FCECD}.Release|Any CPU.Build.0 = Release|Any CPU
		{2B3E1436-8D76-8DA1-C263-F412B25BABDF}.Debug|Any CPU.ActiveCfg = Debug|Any CPU
		{2B3E1436-8D76-8DA1-C263-F412B25BABDF}.Debug|Any CPU.Build.0 = Debug|Any CPU
		{2B3E1436-8D76-8DA1-C263-F412B25BABDF}.Release|Any CPU.ActiveCfg = Release|Any CPU
		{2B3E1436-8D76-8DA1-C263-F412B25BABDF}.Release|Any CPU.Build.0 = Release|Any CPU
	EndGlobalSection
	GlobalSection(SolutionProperties) = preSolution
		HideSolutionNode = FALSE
	EndGlobalSection
EndGlobal
